// !$*UTF8*$!
{
	archiveVersion = 1;
	classes = {
	};
	objectVersion = 46;
	objects = {

/* Begin PBXAggregateTarget section */
		"DynamicBlurView::DynamicBlurViewPackageTests::ProductTarget" /* DynamicBlurViewPackageTests */ = {
			isa = PBXAggregateTarget;
			buildConfigurationList = OBJ_49 /* Build configuration list for PBXAggregateTarget "DynamicBlurViewPackageTests" */;
			buildPhases = (
			);
			dependencies = (
				OBJ_52 /* PBXTargetDependency */,
			);
			name = DynamicBlurViewPackageTests;
			productName = DynamicBlurViewPackageTests;
		};
/* End PBXAggregateTarget section */

/* Begin PBXBuildFile section */
		C72CDB09244EF78900AF771E /* CGRect+Conversion.swift in Sources */ = {isa = PBXBuildFile; fileRef = C72CDB08244EF78900AF771E /* CGRect+Conversion.swift */; };
		C7E48A6024500D5F00D9E4CA /* CALayer+Conversion.swift in Sources */ = {isa = PBXBuildFile; fileRef = C7E48A5F24500D5F00D9E4CA /* CALayer+Conversion.swift */; };
		OBJ_34 /* BlurLayer.swift in Sources */ = {isa = PBXBuildFile; fileRef = OBJ_11 /* BlurLayer.swift */; };
		OBJ_35 /* CGContext+CGImage.swift in Sources */ = {isa = PBXBuildFile; fileRef = OBJ_12 /* CGContext+CGImage.swift */; };
		OBJ_36 /* CGImage+Accelerate.swift in Sources */ = {isa = PBXBuildFile; fileRef = OBJ_13 /* CGImage+Accelerate.swift */; };
		OBJ_37 /* CaptureQuality.swift in Sources */ = {isa = PBXBuildFile; fileRef = OBJ_14 /* CaptureQuality.swift */; };
		OBJ_38 /* DynamicBlurView.swift in Sources */ = {isa = PBXBuildFile; fileRef = OBJ_15 /* DynamicBlurView.swift */; };
		OBJ_39 /* TrackingMode.swift in Sources */ = {isa = PBXBuildFile; fileRef = OBJ_16 /* TrackingMode.swift */; };
		OBJ_40 /* UIImage+Blur.swift in Sources */ = {isa = PBXBuildFile; fileRef = OBJ_17 /* UIImage+Blur.swift */; };
		OBJ_47 /* Package.swift in Sources */ = {isa = PBXBuildFile; fileRef = OBJ_6 /* Package.swift */; };
		OBJ_58 /* XCTestManifests.swift in Sources */ = {isa = PBXBuildFile; fileRef = OBJ_20 /* XCTestManifests.swift */; };
		OBJ_60 /* DynamicBlurView.framework in Frameworks */ = {isa = PBXBuildFile; fileRef = "DynamicBlurView::DynamicBlurView::Product" /* DynamicBlurView.framework */; };
/* End PBXBuildFile section */

/* Begin PBXContainerItemProxy section */
		C72CDB06244D722A00AF771E /* PBXContainerItemProxy */ = {
			isa = PBXContainerItemProxy;
			containerPortal = OBJ_1 /* Project object */;
			proxyType = 1;
			remoteGlobalIDString = "DynamicBlurView::DynamicBlurView";
			remoteInfo = DynamicBlurView;
		};
		C72CDB07244D722A00AF771E /* PBXContainerItemProxy */ = {
			isa = PBXContainerItemProxy;
			containerPortal = OBJ_1 /* Project object */;
			proxyType = 1;
			remoteGlobalIDString = "DynamicBlurView::DynamicBlurViewTests";
			remoteInfo = DynamicBlurViewTests;
		};
/* End PBXContainerItemProxy section */

/* Begin PBXFileReference section */
		C72CDB08244EF78900AF771E /* CGRect+Conversion.swift */ = {isa = PBXFileReference; lastKnownFileType = sourcecode.swift; path = "CGRect+Conversion.swift"; sourceTree = "<group>"; };
		C7E48A5F24500D5F00D9E4CA /* CALayer+Conversion.swift */ = {isa = PBXFileReference; lastKnownFileType = sourcecode.swift; path = "CALayer+Conversion.swift"; sourceTree = "<group>"; };
		"DynamicBlurView::DynamicBlurView::Product" /* DynamicBlurView.framework */ = {isa = PBXFileReference; lastKnownFileType = wrapper.framework; path = DynamicBlurView.framework; sourceTree = BUILT_PRODUCTS_DIR; };
		"DynamicBlurView::DynamicBlurViewTests::Product" /* DynamicBlurViewTests.xctest */ = {isa = PBXFileReference; explicitFileType = wrapper.cfbundle; path = DynamicBlurViewTests.xctest; sourceTree = BUILT_PRODUCTS_DIR; };
		OBJ_10 /* Info.plist */ = {isa = PBXFileReference; lastKnownFileType = text.plist.xml; path = Info.plist; sourceTree = "<group>"; };
		OBJ_11 /* BlurLayer.swift */ = {isa = PBXFileReference; lastKnownFileType = sourcecode.swift; path = BlurLayer.swift; sourceTree = "<group>"; };
		OBJ_12 /* CGContext+CGImage.swift */ = {isa = PBXFileReference; lastKnownFileType = sourcecode.swift; path = "CGContext+CGImage.swift"; sourceTree = "<group>"; };
		OBJ_13 /* CGImage+Accelerate.swift */ = {isa = PBXFileReference; lastKnownFileType = sourcecode.swift; path = "CGImage+Accelerate.swift"; sourceTree = "<group>"; };
		OBJ_14 /* CaptureQuality.swift */ = {isa = PBXFileReference; lastKnownFileType = sourcecode.swift; path = CaptureQuality.swift; sourceTree = "<group>"; };
		OBJ_15 /* DynamicBlurView.swift */ = {isa = PBXFileReference; lastKnownFileType = sourcecode.swift; path = DynamicBlurView.swift; sourceTree = "<group>"; };
		OBJ_16 /* TrackingMode.swift */ = {isa = PBXFileReference; lastKnownFileType = sourcecode.swift; path = TrackingMode.swift; sourceTree = "<group>"; };
		OBJ_17 /* UIImage+Blur.swift */ = {isa = PBXFileReference; lastKnownFileType = sourcecode.swift; path = "UIImage+Blur.swift"; sourceTree = "<group>"; };
		OBJ_20 /* XCTestManifests.swift */ = {isa = PBXFileReference; lastKnownFileType = sourcecode.swift; path = XCTestManifests.swift; sourceTree = "<group>"; };
		OBJ_24 /* DynamicBlurViewTests */ = {isa = PBXFileReference; lastKnownFileType = folder; path = DynamicBlurViewTests; sourceTree = SOURCE_ROOT; };
		OBJ_25 /* DynamicBlurViewExample */ = {isa = PBXFileReference; lastKnownFileType = folder; path = DynamicBlurViewExample; sourceTree = SOURCE_ROOT; };
		OBJ_26 /* LICENSE */ = {isa = PBXFileReference; lastKnownFileType = text; path = LICENSE; sourceTree = "<group>"; };
		OBJ_27 /* README.md */ = {isa = PBXFileReference; lastKnownFileType = net.daringfireball.markdown; path = README.md; sourceTree = "<group>"; };
		OBJ_28 /* DynamicBlurView.podspec */ = {isa = PBXFileReference; lastKnownFileType = text; path = DynamicBlurView.podspec; sourceTree = "<group>"; };
		OBJ_6 /* Package.swift */ = {isa = PBXFileReference; explicitFileType = sourcecode.swift; path = Package.swift; sourceTree = "<group>"; };
		OBJ_9 /* DynamicBlurView.h */ = {isa = PBXFileReference; lastKnownFileType = sourcecode.c.h; path = DynamicBlurView.h; sourceTree = "<group>"; };
/* End PBXFileReference section */

/* Begin PBXFrameworksBuildPhase section */
		OBJ_41 /* Frameworks */ = {
			isa = PBXFrameworksBuildPhase;
			buildActionMask = 0;
			files = (
			);
			runOnlyForDeploymentPostprocessing = 0;
		};
		OBJ_59 /* Frameworks */ = {
			isa = PBXFrameworksBuildPhase;
			buildActionMask = 0;
			files = (
				OBJ_60 /* DynamicBlurView.framework in Frameworks */,
			);
			runOnlyForDeploymentPostprocessing = 0;
		};
/* End PBXFrameworksBuildPhase section */

/* Begin PBXGroup section */
		OBJ_18 /* Tests */ = {
			isa = PBXGroup;
			children = (
				OBJ_19 /* DynamicBlurViewTests */,
			);
			name = Tests;
			sourceTree = SOURCE_ROOT;
		};
		OBJ_19 /* DynamicBlurViewTests */ = {
			isa = PBXGroup;
			children = (
				OBJ_20 /* XCTestManifests.swift */,
			);
			name = DynamicBlurViewTests;
			path = Tests/DynamicBlurViewTests;
			sourceTree = SOURCE_ROOT;
		};
		OBJ_21 /* Products */ = {
			isa = PBXGroup;
			children = (
				"DynamicBlurView::DynamicBlurViewTests::Product" /* DynamicBlurViewTests.xctest */,
				"DynamicBlurView::DynamicBlurView::Product" /* DynamicBlurView.framework */,
			);
			name = Products;
			sourceTree = BUILT_PRODUCTS_DIR;
		};
		OBJ_5 = {
			isa = PBXGroup;
			children = (
				OBJ_6 /* Package.swift */,
				OBJ_7 /* Sources */,
				OBJ_18 /* Tests */,
				OBJ_21 /* Products */,
				OBJ_24 /* DynamicBlurViewTests */,
				OBJ_25 /* DynamicBlurViewExample */,
				OBJ_26 /* LICENSE */,
				OBJ_27 /* README.md */,
				OBJ_28 /* DynamicBlurView.podspec */,
			);
			sourceTree = "<group>";
		};
		OBJ_7 /* Sources */ = {
			isa = PBXGroup;
			children = (
				OBJ_8 /* DynamicBlurView */,
			);
			name = Sources;
			sourceTree = SOURCE_ROOT;
		};
		OBJ_8 /* DynamicBlurView */ = {
			isa = PBXGroup;
			children = (
				OBJ_9 /* DynamicBlurView.h */,
				OBJ_10 /* Info.plist */,
				OBJ_11 /* BlurLayer.swift */,
				OBJ_12 /* CGContext+CGImage.swift */,
				OBJ_13 /* CGImage+Accelerate.swift */,
				OBJ_14 /* CaptureQuality.swift */,
				OBJ_15 /* DynamicBlurView.swift */,
				OBJ_16 /* TrackingMode.swift */,
				OBJ_17 /* UIImage+Blur.swift */,
				C72CDB08244EF78900AF771E /* CGRect+Conversion.swift */,
				C7E48A5F24500D5F00D9E4CA /* CALayer+Conversion.swift */,
			);
			name = DynamicBlurView;
			path = Sources/DynamicBlurView;
			sourceTree = SOURCE_ROOT;
		};
/* End PBXGroup section */

/* Begin PBXNativeTarget section */
		"DynamicBlurView::DynamicBlurView" /* DynamicBlurView */ = {
			isa = PBXNativeTarget;
			buildConfigurationList = OBJ_30 /* Build configuration list for PBXNativeTarget "DynamicBlurView" */;
			buildPhases = (
				OBJ_33 /* Sources */,
				OBJ_41 /* Frameworks */,
			);
			buildRules = (
			);
			dependencies = (
			);
			name = DynamicBlurView;
			productName = DynamicBlurView;
			productReference = "DynamicBlurView::DynamicBlurView::Product" /* DynamicBlurView.framework */;
			productType = "com.apple.product-type.framework";
		};
		"DynamicBlurView::DynamicBlurViewTests" /* DynamicBlurViewTests */ = {
			isa = PBXNativeTarget;
			buildConfigurationList = OBJ_54 /* Build configuration list for PBXNativeTarget "DynamicBlurViewTests" */;
			buildPhases = (
				OBJ_57 /* Sources */,
				OBJ_59 /* Frameworks */,
			);
			buildRules = (
			);
			dependencies = (
				OBJ_61 /* PBXTargetDependency */,
			);
			name = DynamicBlurViewTests;
			productName = DynamicBlurViewTests;
			productReference = "DynamicBlurView::DynamicBlurViewTests::Product" /* DynamicBlurViewTests.xctest */;
			productType = "com.apple.product-type.bundle.unit-test";
		};
		"DynamicBlurView::SwiftPMPackageDescription" /* DynamicBlurViewPackageDescription */ = {
			isa = PBXNativeTarget;
			buildConfigurationList = OBJ_43 /* Build configuration list for PBXNativeTarget "DynamicBlurViewPackageDescription" */;
			buildPhases = (
				OBJ_46 /* Sources */,
			);
			buildRules = (
			);
			dependencies = (
			);
			name = DynamicBlurViewPackageDescription;
			productName = DynamicBlurViewPackageDescription;
			productType = "com.apple.product-type.framework";
		};
/* End PBXNativeTarget section */

/* Begin PBXProject section */
		OBJ_1 /* Project object */ = {
			isa = PBXProject;
			attributes = {
				LastSwiftMigration = 9999;
				LastUpgradeCheck = 1140;
			};
			buildConfigurationList = OBJ_2 /* Build configuration list for PBXProject "DynamicBlurView" */;
			compatibilityVersion = "Xcode 3.2";
			developmentRegion = en;
			hasScannedForEncodings = 0;
			knownRegions = (
				en,
				Base,
			);
			mainGroup = OBJ_5;
			productRefGroup = OBJ_21 /* Products */;
			projectDirPath = "";
			projectRoot = "";
			targets = (
				"DynamicBlurView::DynamicBlurView" /* DynamicBlurView */,
				"DynamicBlurView::SwiftPMPackageDescription" /* DynamicBlurViewPackageDescription */,
				"DynamicBlurView::DynamicBlurViewPackageTests::ProductTarget" /* DynamicBlurViewPackageTests */,
				"DynamicBlurView::DynamicBlurViewTests" /* DynamicBlurViewTests */,
			);
		};
/* End PBXProject section */

/* Begin PBXSourcesBuildPhase section */
		OBJ_33 /* Sources */ = {
			isa = PBXSourcesBuildPhase;
			buildActionMask = 0;
			files = (
				OBJ_34 /* BlurLayer.swift in Sources */,
				OBJ_35 /* CGContext+CGImage.swift in Sources */,
				OBJ_36 /* CGImage+Accelerate.swift in Sources */,
				OBJ_37 /* CaptureQuality.swift in Sources */,
				C7E48A6024500D5F00D9E4CA /* CALayer+Conversion.swift in Sources */,
				OBJ_38 /* DynamicBlurView.swift in Sources */,
				OBJ_39 /* TrackingMode.swift in Sources */,
				OBJ_40 /* UIImage+Blur.swift in Sources */,
				C72CDB09244EF78900AF771E /* CGRect+Conversion.swift in Sources */,
			);
			runOnlyForDeploymentPostprocessing = 0;
		};
		OBJ_46 /* Sources */ = {
			isa = PBXSourcesBuildPhase;
			buildActionMask = 0;
			files = (
				OBJ_47 /* Package.swift in Sources */,
			);
			runOnlyForDeploymentPostprocessing = 0;
		};
		OBJ_57 /* Sources */ = {
			isa = PBXSourcesBuildPhase;
			buildActionMask = 0;
			files = (
				OBJ_58 /* XCTestManifests.swift in Sources */,
			);
			runOnlyForDeploymentPostprocessing = 0;
		};
/* End PBXSourcesBuildPhase section */

/* Begin PBXTargetDependency section */
		OBJ_52 /* PBXTargetDependency */ = {
			isa = PBXTargetDependency;
			target = "DynamicBlurView::DynamicBlurViewTests" /* DynamicBlurViewTests */;
			targetProxy = C72CDB07244D722A00AF771E /* PBXContainerItemProxy */;
		};
		OBJ_61 /* PBXTargetDependency */ = {
			isa = PBXTargetDependency;
			target = "DynamicBlurView::DynamicBlurView" /* DynamicBlurView */;
			targetProxy = C72CDB06244D722A00AF771E /* PBXContainerItemProxy */;
		};
/* End PBXTargetDependency section */

/* Begin XCBuildConfiguration section */
		OBJ_3 /* Debug */ = {
			isa = XCBuildConfiguration;
			buildSettings = {
				CLANG_ENABLE_OBJC_ARC = YES;
				CLANG_WARN_BLOCK_CAPTURE_AUTORELEASING = YES;
				CLANG_WARN_BOOL_CONVERSION = YES;
				CLANG_WARN_COMMA = YES;
				CLANG_WARN_CONSTANT_CONVERSION = YES;
				CLANG_WARN_DEPRECATED_OBJC_IMPLEMENTATIONS = YES;
				CLANG_WARN_EMPTY_BODY = YES;
				CLANG_WARN_ENUM_CONVERSION = YES;
				CLANG_WARN_INFINITE_RECURSION = YES;
				CLANG_WARN_INT_CONVERSION = YES;
				CLANG_WARN_NON_LITERAL_NULL_CONVERSION = YES;
				CLANG_WARN_OBJC_IMPLICIT_RETAIN_SELF = YES;
				CLANG_WARN_OBJC_LITERAL_CONVERSION = YES;
				CLANG_WARN_RANGE_LOOP_ANALYSIS = YES;
				CLANG_WARN_STRICT_PROTOTYPES = YES;
				CLANG_WARN_SUSPICIOUS_MOVE = YES;
				CLANG_WARN_UNREACHABLE_CODE = YES;
				CLANG_WARN__DUPLICATE_METHOD_MATCH = YES;
				COMBINE_HIDPI_IMAGES = YES;
				COPY_PHASE_STRIP = NO;
				DEBUG_INFORMATION_FORMAT = dwarf;
				DYLIB_INSTALL_NAME_BASE = "@rpath";
				ENABLE_NS_ASSERTIONS = YES;
				ENABLE_STRICT_OBJC_MSGSEND = YES;
				ENABLE_TESTABILITY = YES;
				GCC_NO_COMMON_BLOCKS = YES;
				GCC_OPTIMIZATION_LEVEL = 0;
				GCC_PREPROCESSOR_DEFINITIONS = (
					"$(inherited)",
					"SWIFT_PACKAGE=1",
					"DEBUG=1",
				);
				GCC_WARN_64_TO_32_BIT_CONVERSION = YES;
				GCC_WARN_ABOUT_RETURN_TYPE = YES;
				GCC_WARN_UNDECLARED_SELECTOR = YES;
				GCC_WARN_UNINITIALIZED_AUTOS = YES;
				GCC_WARN_UNUSED_FUNCTION = YES;
				GCC_WARN_UNUSED_VARIABLE = YES;
				MACOSX_DEPLOYMENT_TARGET = 10.10;
				ONLY_ACTIVE_ARCH = YES;
				OTHER_SWIFT_FLAGS = "-DXcode";
				PRODUCT_NAME = "$(TARGET_NAME)";
				SDKROOT = macosx;
				SUPPORTED_PLATFORMS = "macosx iphoneos iphonesimulator appletvos appletvsimulator watchos watchsimulator";
				SWIFT_ACTIVE_COMPILATION_CONDITIONS = "$(inherited) SWIFT_PACKAGE DEBUG";
				SWIFT_OPTIMIZATION_LEVEL = "-Onone";
				USE_HEADERMAP = NO;
			};
			name = Debug;
		};
		OBJ_31 /* Debug */ = {
			isa = XCBuildConfiguration;
			buildSettings = {
				CURRENT_PROJECT_VERSION = 1;
				ENABLE_TESTABILITY = YES;
				FRAMEWORK_SEARCH_PATHS = (
					"$(inherited)",
					"$(PLATFORM_DIR)/Developer/Library/Frameworks",
				);
				HEADER_SEARCH_PATHS = "$(inherited)";
				INFOPLIST_FILE = DynamicBlurView.xcodeproj/DynamicBlurView_Info.plist;
				IPHONEOS_DEPLOYMENT_TARGET = 8.0;
				LD_RUNPATH_SEARCH_PATHS = "$(inherited) $(TOOLCHAIN_DIR)/usr/lib/swift/macosx";
				MACOSX_DEPLOYMENT_TARGET = 10.10;
				OTHER_CFLAGS = "$(inherited)";
				OTHER_LDFLAGS = "$(inherited)";
				OTHER_SWIFT_FLAGS = "$(inherited)";
				PRODUCT_BUNDLE_IDENTIFIER = DynamicBlurView;
				PRODUCT_MODULE_NAME = "$(TARGET_NAME:c99extidentifier)";
				PRODUCT_NAME = "$(TARGET_NAME:c99extidentifier)";
				SKIP_INSTALL = YES;
				SWIFT_ACTIVE_COMPILATION_CONDITIONS = "$(inherited)";
				SWIFT_VERSION = 5.0;
				TARGET_NAME = DynamicBlurView;
				TVOS_DEPLOYMENT_TARGET = 9.0;
				WATCHOS_DEPLOYMENT_TARGET = 2.0;
			};
			name = Debug;
		};
		OBJ_32 /* Release */ = {
			isa = XCBuildConfiguration;
			buildSettings = {
				CURRENT_PROJECT_VERSION = 1;
				ENABLE_TESTABILITY = YES;
				FRAMEWORK_SEARCH_PATHS = (
					"$(inherited)",
					"$(PLATFORM_DIR)/Developer/Library/Frameworks",
				);
				HEADER_SEARCH_PATHS = "$(inherited)";
				INFOPLIST_FILE = DynamicBlurView.xcodeproj/DynamicBlurView_Info.plist;
				IPHONEOS_DEPLOYMENT_TARGET = 8.0;
				LD_RUNPATH_SEARCH_PATHS = "$(inherited) $(TOOLCHAIN_DIR)/usr/lib/swift/macosx";
				MACOSX_DEPLOYMENT_TARGET = 10.10;
				OTHER_CFLAGS = "$(inherited)";
				OTHER_LDFLAGS = "$(inherited)";
				OTHER_SWIFT_FLAGS = "$(inherited)";
				PRODUCT_BUNDLE_IDENTIFIER = DynamicBlurView;
				PRODUCT_MODULE_NAME = "$(TARGET_NAME:c99extidentifier)";
				PRODUCT_NAME = "$(TARGET_NAME:c99extidentifier)";
				SKIP_INSTALL = YES;
				SWIFT_ACTIVE_COMPILATION_CONDITIONS = "$(inherited)";
				SWIFT_VERSION = 5.0;
				TARGET_NAME = DynamicBlurView;
				TVOS_DEPLOYMENT_TARGET = 9.0;
				WATCHOS_DEPLOYMENT_TARGET = 2.0;
			};
			name = Release;
		};
		OBJ_4 /* Release */ = {
			isa = XCBuildConfiguration;
			buildSettings = {
				CLANG_ENABLE_OBJC_ARC = YES;
				CLANG_WARN_BLOCK_CAPTURE_AUTORELEASING = YES;
				CLANG_WARN_BOOL_CONVERSION = YES;
				CLANG_WARN_COMMA = YES;
				CLANG_WARN_CONSTANT_CONVERSION = YES;
				CLANG_WARN_DEPRECATED_OBJC_IMPLEMENTATIONS = YES;
				CLANG_WARN_EMPTY_BODY = YES;
				CLANG_WARN_ENUM_CONVERSION = YES;
				CLANG_WARN_INFINITE_RECURSION = YES;
				CLANG_WARN_INT_CONVERSION = YES;
				CLANG_WARN_NON_LITERAL_NULL_CONVERSION = YES;
				CLANG_WARN_OBJC_IMPLICIT_RETAIN_SELF = YES;
				CLANG_WARN_OBJC_LITERAL_CONVERSION = YES;
				CLANG_WARN_RANGE_LOOP_ANALYSIS = YES;
				CLANG_WARN_STRICT_PROTOTYPES = YES;
				CLANG_WARN_SUSPICIOUS_MOVE = YES;
				CLANG_WARN_UNREACHABLE_CODE = YES;
				CLANG_WARN__DUPLICATE_METHOD_MATCH = YES;
				COMBINE_HIDPI_IMAGES = YES;
				COPY_PHASE_STRIP = YES;
				DEBUG_INFORMATION_FORMAT = "dwarf-with-dsym";
				DYLIB_INSTALL_NAME_BASE = "@rpath";
				ENABLE_STRICT_OBJC_MSGSEND = YES;
				GCC_NO_COMMON_BLOCKS = YES;
				GCC_OPTIMIZATION_LEVEL = s;
				GCC_PREPROCESSOR_DEFINITIONS = (
					"$(inherited)",
					"SWIFT_PACKAGE=1",
				);
				GCC_WARN_64_TO_32_BIT_CONVERSION = YES;
				GCC_WARN_ABOUT_RETURN_TYPE = YES;
				GCC_WARN_UNDECLARED_SELECTOR = YES;
				GCC_WARN_UNINITIALIZED_AUTOS = YES;
				GCC_WARN_UNUSED_FUNCTION = YES;
				GCC_WARN_UNUSED_VARIABLE = YES;
				MACOSX_DEPLOYMENT_TARGET = 10.10;
				OTHER_SWIFT_FLAGS = "-DXcode";
				PRODUCT_NAME = "$(TARGET_NAME)";
				SDKROOT = macosx;
				SUPPORTED_PLATFORMS = "macosx iphoneos iphonesimulator appletvos appletvsimulator watchos watchsimulator";
				SWIFT_ACTIVE_COMPILATION_CONDITIONS = "$(inherited) SWIFT_PACKAGE";
				SWIFT_OPTIMIZATION_LEVEL = "-Owholemodule";
				USE_HEADERMAP = NO;
			};
			name = Release;
		};
		OBJ_44 /* Debug */ = {
			isa = XCBuildConfiguration;
			buildSettings = {
				LD = /usr/bin/true;
				OTHER_SWIFT_FLAGS = "-swift-version 5 -I $(TOOLCHAIN_DIR)/usr/lib/swift/pm/4_2 -target x86_64-apple-macosx10.10 -sdk /Applications/Xcode 10.3.app/Contents/Developer/Platforms/MacOSX.platform/Developer/SDKs/MacOSX10.14.sdk";
				SWIFT_VERSION = 5.0;
			};
			name = Debug;
		};
		OBJ_45 /* Release */ = {
			isa = XCBuildConfiguration;
			buildSettings = {
				LD = /usr/bin/true;
				OTHER_SWIFT_FLAGS = "-swift-version 5 -I $(TOOLCHAIN_DIR)/usr/lib/swift/pm/4_2 -target x86_64-apple-macosx10.10 -sdk /Applications/Xcode 10.3.app/Contents/Developer/Platforms/MacOSX.platform/Developer/SDKs/MacOSX10.14.sdk";
				SWIFT_VERSION = 5.0;
			};
			name = Release;
		};
		OBJ_50 /* Debug */ = {
			isa = XCBuildConfiguration;
			buildSettings = {
			};
			name = Debug;
		};
		OBJ_51 /* Release */ = {
			isa = XCBuildConfiguration;
			buildSettings = {
			};
			name = Release;
		};
		OBJ_55 /* Debug */ = {
			isa = XCBuildConfiguration;
			buildSettings = {
				ALWAYS_EMBED_SWIFT_STANDARD_LIBRARIES = YES;
				CLANG_ENABLE_MODULES = YES;
				FRAMEWORK_SEARCH_PATHS = (
					"$(inherited)",
					"$(PLATFORM_DIR)/Developer/Library/Frameworks",
				);
				HEADER_SEARCH_PATHS = "$(inherited)";
				INFOPLIST_FILE = DynamicBlurView.xcodeproj/DynamicBlurViewTests_Info.plist;
				IPHONEOS_DEPLOYMENT_TARGET = 8.0;
				LD_RUNPATH_SEARCH_PATHS = "$(inherited) @loader_path/../Frameworks @loader_path/Frameworks";
				MACOSX_DEPLOYMENT_TARGET = 10.10;
				OTHER_CFLAGS = "$(inherited)";
				OTHER_LDFLAGS = "$(inherited)";
				OTHER_SWIFT_FLAGS = "$(inherited)";
				SWIFT_ACTIVE_COMPILATION_CONDITIONS = "$(inherited)";
				SWIFT_VERSION = 5.0;
				TARGET_NAME = DynamicBlurViewTests;
				TVOS_DEPLOYMENT_TARGET = 9.0;
				WATCHOS_DEPLOYMENT_TARGET = 2.0;
			};
			name = Debug;
		};
		OBJ_56 /* Release */ = {
			isa = XCBuildConfiguration;
			buildSettings = {
				ALWAYS_EMBED_SWIFT_STANDARD_LIBRARIES = YES;
				CLANG_ENABLE_MODULES = YES;
				FRAMEWORK_SEARCH_PATHS = (
					"$(inherited)",
					"$(PLATFORM_DIR)/Developer/Library/Frameworks",
				);
				HEADER_SEARCH_PATHS = "$(inherited)";
				INFOPLIST_FILE = DynamicBlurView.xcodeproj/DynamicBlurViewTests_Info.plist;
				IPHONEOS_DEPLOYMENT_TARGET = 8.0;
				LD_RUNPATH_SEARCH_PATHS = "$(inherited) @loader_path/../Frameworks @loader_path/Frameworks";
				MACOSX_DEPLOYMENT_TARGET = 10.10;
				OTHER_CFLAGS = "$(inherited)";
				OTHER_LDFLAGS = "$(inherited)";
				OTHER_SWIFT_FLAGS = "$(inherited)";
				SWIFT_ACTIVE_COMPILATION_CONDITIONS = "$(inherited)";
				SWIFT_VERSION = 5.0;
				TARGET_NAME = DynamicBlurViewTests;
				TVOS_DEPLOYMENT_TARGET = 9.0;
				WATCHOS_DEPLOYMENT_TARGET = 2.0;
			};
			name = Release;
		};
/* End XCBuildConfiguration section */

/* Begin XCConfigurationList section */
		OBJ_2 /* Build configuration list for PBXProject "DynamicBlurView" */ = {
			isa = XCConfigurationList;
			buildConfigurations = (
				OBJ_3 /* Debug */,
				OBJ_4 /* Release */,
			);
			defaultConfigurationIsVisible = 0;
			defaultConfigurationName = Release;
		};
		OBJ_30 /* Build configuration list for PBXNativeTarget "DynamicBlurView" */ = {
			isa = XCConfigurationList;
			buildConfigurations = (
				OBJ_31 /* Debug */,
				OBJ_32 /* Release */,
			);
			defaultConfigurationIsVisible = 0;
			defaultConfigurationName = Release;
		};
		OBJ_43 /* Build configuration list for PBXNativeTarget "DynamicBlurViewPackageDescription" */ = {
			isa = XCConfigurationList;
			buildConfigurations = (
				OBJ_44 /* Debug */,
				OBJ_45 /* Release */,
			);
			defaultConfigurationIsVisible = 0;
			defaultConfigurationName = Release;
		};
		OBJ_49 /* Build configuration list for PBXAggregateTarget "DynamicBlurViewPackageTests" */ = {
			isa = XCConfigurationList;
			buildConfigurations = (
				OBJ_50 /* Debug */,
				OBJ_51 /* Release */,
			);
			defaultConfigurationIsVisible = 0;
			defaultConfigurationName = Release;
		};
		OBJ_54 /* Build configuration list for PBXNativeTarget "DynamicBlurViewTests" */ = {
			isa = XCConfigurationList;
			buildConfigurations = (
				OBJ_55 /* Debug */,
				OBJ_56 /* Release */,
			);
			defaultConfigurationIsVisible = 0;
			defaultConfigurationName = Release;
		};
/* End XCConfigurationList section */
	};
	rootObject = OBJ_1 /* Project object */;
}
